// !$*UTF8*$!
{
	archiveVersion = 1;
	classes = {
	};
	objectVersion = 51;
	objects = {

/* Begin PBXBuildFile section */
		02E3A9822478950B00A9C18C /* AppDelegate.swift in Sources */ = {isa = PBXBuildFile; fileRef = 02E3A9812478950B00A9C18C /* AppDelegate.swift */; };
		02E3A9842478950B00A9C18C /* SceneDelegate.swift in Sources */ = {isa = PBXBuildFile; fileRef = 02E3A9832478950B00A9C18C /* SceneDelegate.swift */; };
		02E3A9862478950B00A9C18C /* MessagesController.swift in Sources */ = {isa = PBXBuildFile; fileRef = 02E3A9852478950B00A9C18C /* MessagesController.swift */; };
		02E3A9892478950B00A9C18C /* Main.storyboard in Resources */ = {isa = PBXBuildFile; fileRef = 02E3A9872478950B00A9C18C /* Main.storyboard */; };
		02E3A98B2478951300A9C18C /* Assets.xcassets in Resources */ = {isa = PBXBuildFile; fileRef = 02E3A98A2478951300A9C18C /* Assets.xcassets */; };
		02E3A98E2478951300A9C18C /* LaunchScreen.storyboard in Resources */ = {isa = PBXBuildFile; fileRef = 02E3A98C2478951300A9C18C /* LaunchScreen.storyboard */; };
		02E3A99624789BB100A9C18C /* LoginController.swift in Sources */ = {isa = PBXBuildFile; fileRef = 02E3A99524789BB100A9C18C /* LoginController.swift */; };
		02E3A9982478CFF000A9C18C /* GoogleService-Info.plist in Resources */ = {isa = PBXBuildFile; fileRef = 02E3A9972478CFF000A9C18C /* GoogleService-Info.plist */; };
		02F94D7A247A0DD100887DAD /* NewMessageController.swift in Sources */ = {isa = PBXBuildFile; fileRef = 02F94D79247A0DD100887DAD /* NewMessageController.swift */; };
		8E4EF813DE4AE07550250F64 /* Pods_iChat.framework in Frameworks */ = {isa = PBXBuildFile; fileRef = 8ABB266DF02B808E43083DE4 /* Pods_iChat.framework */; };
/* End PBXBuildFile section */

/* Begin PBXFileReference section */
		02E3A97E2478950B00A9C18C /* iChat.app */ = {isa = PBXFileReference; explicitFileType = wrapper.application; includeInIndex = 0; path = iChat.app; sourceTree = BUILT_PRODUCTS_DIR; };
		02E3A9812478950B00A9C18C /* AppDelegate.swift */ = {isa = PBXFileReference; lastKnownFileType = sourcecode.swift; path = AppDelegate.swift; sourceTree = "<group>"; };
		02E3A9832478950B00A9C18C /* SceneDelegate.swift */ = {isa = PBXFileReference; lastKnownFileType = sourcecode.swift; path = SceneDelegate.swift; sourceTree = "<group>"; };
		02E3A9852478950B00A9C18C /* MessagesController.swift */ = {isa = PBXFileReference; lastKnownFileType = sourcecode.swift; path = MessagesController.swift; sourceTree = "<group>"; };
		02E3A9882478950B00A9C18C /* Base */ = {isa = PBXFileReference; lastKnownFileType = file.storyboard; name = Base; path = Base.lproj/Main.storyboard; sourceTree = "<group>"; };
		02E3A98A2478951300A9C18C /* Assets.xcassets */ = {isa = PBXFileReference; lastKnownFileType = folder.assetcatalog; path = Assets.xcassets; sourceTree = "<group>"; };
		02E3A98D2478951300A9C18C /* Base */ = {isa = PBXFileReference; lastKnownFileType = file.storyboard; name = Base; path = Base.lproj/LaunchScreen.storyboard; sourceTree = "<group>"; };
		02E3A98F2478951300A9C18C /* Info.plist */ = {isa = PBXFileReference; lastKnownFileType = text.plist.xml; path = Info.plist; sourceTree = "<group>"; };
		02E3A99524789BB100A9C18C /* LoginController.swift */ = {isa = PBXFileReference; lastKnownFileType = sourcecode.swift; path = LoginController.swift; sourceTree = "<group>"; };
		02E3A9972478CFF000A9C18C /* GoogleService-Info.plist */ = {isa = PBXFileReference; fileEncoding = 4; lastKnownFileType = text.plist.xml; path = "GoogleService-Info.plist"; sourceTree = "<group>"; };
		02F94D79247A0DD100887DAD /* NewMessageController.swift */ = {isa = PBXFileReference; lastKnownFileType = sourcecode.swift; path = NewMessageController.swift; sourceTree = "<group>"; };
		151410A1B934E64DF2D5DD17 /* Pods-iChat.release.xcconfig */ = {isa = PBXFileReference; includeInIndex = 1; lastKnownFileType = text.xcconfig; name = "Pods-iChat.release.xcconfig"; path = "Target Support Files/Pods-iChat/Pods-iChat.release.xcconfig"; sourceTree = "<group>"; };
		50586FA4B1C908AE7635A069 /* Pods-iChat.debug.xcconfig */ = {isa = PBXFileReference; includeInIndex = 1; lastKnownFileType = text.xcconfig; name = "Pods-iChat.debug.xcconfig"; path = "Target Support Files/Pods-iChat/Pods-iChat.debug.xcconfig"; sourceTree = "<group>"; };
		8ABB266DF02B808E43083DE4 /* Pods_iChat.framework */ = {isa = PBXFileReference; explicitFileType = wrapper.framework; includeInIndex = 0; path = Pods_iChat.framework; sourceTree = BUILT_PRODUCTS_DIR; };
/* End PBXFileReference section */

/* Begin PBXFrameworksBuildPhase section */
		02E3A97B2478950B00A9C18C /* Frameworks */ = {
			isa = PBXFrameworksBuildPhase;
			buildActionMask = 2147483647;
			files = (
				8E4EF813DE4AE07550250F64 /* Pods_iChat.framework in Frameworks */,
			);
			runOnlyForDeploymentPostprocessing = 0;
		};
/* End PBXFrameworksBuildPhase section */

/* Begin PBXGroup section */
		02E3A9752478950B00A9C18C = {
			isa = PBXGroup;
			children = (
				02E3A9802478950B00A9C18C /* iChat */,
				02E3A97F2478950B00A9C18C /* Products */,
				94B1267CA0A241200ACB2858 /* Pods */,
				27AB30597F63DD2DE5442F12 /* Frameworks */,
			);
			sourceTree = "<group>";
		};
		02E3A97F2478950B00A9C18C /* Products */ = {
			isa = PBXGroup;
			children = (
				02E3A97E2478950B00A9C18C /* iChat.app */,
			);
			name = Products;
			sourceTree = "<group>";
		};
		02E3A9802478950B00A9C18C /* iChat */ = {
			isa = PBXGroup;
			children = (
				02E3A9812478950B00A9C18C /* AppDelegate.swift */,
				02E3A9832478950B00A9C18C /* SceneDelegate.swift */,
				02E3A98C2478951300A9C18C /* LaunchScreen.storyboard */,
				02E3A9872478950B00A9C18C /* Main.storyboard */,
				02E3A99524789BB100A9C18C /* LoginController.swift */,
				02E3A9852478950B00A9C18C /* MessagesController.swift */,
				02F94D79247A0DD100887DAD /* NewMessageController.swift */,
				02E3A98A2478951300A9C18C /* Assets.xcassets */,
				02E3A98F2478951300A9C18C /* Info.plist */,
				02E3A9972478CFF000A9C18C /* GoogleService-Info.plist */,
			);
			path = iChat;
			sourceTree = "<group>";
		};
		27AB30597F63DD2DE5442F12 /* Frameworks */ = {
			isa = PBXGroup;
			children = (
				8ABB266DF02B808E43083DE4 /* Pods_iChat.framework */,
			);
			name = Frameworks;
			sourceTree = "<group>";
		};
		94B1267CA0A241200ACB2858 /* Pods */ = {
			isa = PBXGroup;
			children = (
				50586FA4B1C908AE7635A069 /* Pods-iChat.debug.xcconfig */,
				151410A1B934E64DF2D5DD17 /* Pods-iChat.release.xcconfig */,
			);
			path = Pods;
			sourceTree = "<group>";
		};
/* End PBXGroup section */

/* Begin PBXNativeTarget section */
		02E3A97D2478950B00A9C18C /* iChat */ = {
			isa = PBXNativeTarget;
			buildConfigurationList = 02E3A9922478951300A9C18C /* Build configuration list for PBXNativeTarget "iChat" */;
			buildPhases = (
				C0F76FFF3CEAF4D23DFFAF0C /* [CP] Check Pods Manifest.lock */,
				02E3A97A2478950B00A9C18C /* Sources */,
				02E3A97B2478950B00A9C18C /* Frameworks */,
				02E3A97C2478950B00A9C18C /* Resources */,
				723660E1B30B53B419619FC6 /* [CP] Embed Pods Frameworks */,
			);
			buildRules = (
			);
			dependencies = (
			);
			name = iChat;
			productName = iChat;
			productReference = 02E3A97E2478950B00A9C18C /* iChat.app */;
			productType = "com.apple.product-type.application";
		};
/* End PBXNativeTarget section */

/* Begin PBXProject section */
		02E3A9762478950B00A9C18C /* Project object */ = {
			isa = PBXProject;
			attributes = {
				LastSwiftUpdateCheck = 1150;
				LastUpgradeCheck = 1150;
				ORGANIZATIONNAME = "Likhit Garimella";
				TargetAttributes = {
					02E3A97D2478950B00A9C18C = {
						CreatedOnToolsVersion = 11.5;
					};
				};
			};
			buildConfigurationList = 02E3A9792478950B00A9C18C /* Build configuration list for PBXProject "iChat" */;
			compatibilityVersion = "Xcode 9.3";
			developmentRegion = en;
			hasScannedForEncodings = 0;
			knownRegions = (
				en,
				Base,
			);
			mainGroup = 02E3A9752478950B00A9C18C;
			productRefGroup = 02E3A97F2478950B00A9C18C /* Products */;
			projectDirPath = "";
			projectRoot = "";
			targets = (
				02E3A97D2478950B00A9C18C /* iChat */,
			);
		};
/* End PBXProject section */

/* Begin PBXResourcesBuildPhase section */
		02E3A97C2478950B00A9C18C /* Resources */ = {
			isa = PBXResourcesBuildPhase;
			buildActionMask = 2147483647;
			files = (
				02E3A98E2478951300A9C18C /* LaunchScreen.storyboard in Resources */,
				02E3A9982478CFF000A9C18C /* GoogleService-Info.plist in Resources */,
				02E3A98B2478951300A9C18C /* Assets.xcassets in Resources */,
				02E3A9892478950B00A9C18C /* Main.storyboard in Resources */,
			);
			runOnlyForDeploymentPostprocessing = 0;
		};
/* End PBXResourcesBuildPhase section */

/* Begin PBXShellScriptBuildPhase section */
		723660E1B30B53B419619FC6 /* [CP] Embed Pods Frameworks */ = {
			isa = PBXShellScriptBuildPhase;
			buildActionMask = 2147483647;
			files = (
			);
			inputFileListPaths = (
				"${PODS_ROOT}/Target Support Files/Pods-iChat/Pods-iChat-frameworks-${CONFIGURATION}-input-files.xcfilelist",
			);
			name = "[CP] Embed Pods Frameworks";
			outputFileListPaths = (
				"${PODS_ROOT}/Target Support Files/Pods-iChat/Pods-iChat-frameworks-${CONFIGURATION}-output-files.xcfilelist",
			);
			runOnlyForDeploymentPostprocessing = 0;
			shellPath = /bin/sh;
			shellScript = "\"${PODS_ROOT}/Target Support Files/Pods-iChat/Pods-iChat-frameworks.sh\"\n";
			showEnvVarsInLog = 0;
		};
		C0F76FFF3CEAF4D23DFFAF0C /* [CP] Check Pods Manifest.lock */ = {
			isa = PBXShellScriptBuildPhase;
			buildActionMask = 2147483647;
			files = (
			);
			inputFileListPaths = (
			);
			inputPaths = (
				"${PODS_PODFILE_DIR_PATH}/Podfile.lock",
				"${PODS_ROOT}/Manifest.lock",
			);
			name = "[CP] Check Pods Manifest.lock";
			outputFileListPaths = (
			);
			outputPaths = (
				"$(DERIVED_FILE_DIR)/Pods-iChat-checkManifestLockResult.txt",
			);
			runOnlyForDeploymentPostprocessing = 0;
			shellPath = /bin/sh;
			shellScript = "diff \"${PODS_PODFILE_DIR_PATH}/Podfile.lock\" \"${PODS_ROOT}/Manifest.lock\" > /dev/null\nif [ $? != 0 ] ; then\n    # print error to STDERR\n    echo \"error: The sandbox is not in sync with the Podfile.lock. Run 'pod install' or update your CocoaPods installation.\" >&2\n    exit 1\nfi\n# This output is used by Xcode 'outputs' to avoid re-running this script phase.\necho \"SUCCESS\" > \"${SCRIPT_OUTPUT_FILE_0}\"\n";
			showEnvVarsInLog = 0;
		};
/* End PBXShellScriptBuildPhase section */

/* Begin PBXSourcesBuildPhase section */
		02E3A97A2478950B00A9C18C /* Sources */ = {
			isa = PBXSourcesBuildPhase;
			buildActionMask = 2147483647;
			files = (
				02E3A9862478950B00A9C18C /* MessagesController.swift in Sources */,
				02F94D7A247A0DD100887DAD /* NewMessageController.swift in Sources */,
				02E3A99624789BB100A9C18C /* LoginController.swift in Sources */,
				02E3A9822478950B00A9C18C /* AppDelegate.swift in Sources */,
				02E3A9842478950B00A9C18C /* SceneDelegate.swift in Sources */,
			);
			runOnlyForDeploymentPostprocessing = 0;
		};
/* End PBXSourcesBuildPhase section */

/* Begin PBXVariantGroup section */
		02E3A9872478950B00A9C18C /* Main.storyboard */ = {
			isa = PBXVariantGroup;
			children = (
				02E3A9882478950B00A9C18C /* Base */,
			);
			name = Main.storyboard;
			sourceTree = "<group>";
		};
		02E3A98C2478951300A9C18C /* LaunchScreen.storyboard */ = {
			isa = PBXVariantGroup;
			children = (
				02E3A98D2478951300A9C18C /* Base */,
			);
			name = LaunchScreen.storyboard;
			sourceTree = "<group>";
		};
/* End PBXVariantGroup section */

/* Begin XCBuildConfiguration section */
		02E3A9902478951300A9C18C /* Debug */ = {
			isa = XCBuildConfiguration;
			buildSettings = {
				ALWAYS_SEARCH_USER_PATHS = NO;
				CLANG_ANALYZER_NONNULL = YES;
				CLANG_ANALYZER_NUMBER_OBJECT_CONVERSION = YES_AGGRESSIVE;
				CLANG_CXX_LANGUAGE_STANDARD = "gnu++14";
				CLANG_CXX_LIBRARY = "libc++";
				CLANG_ENABLE_MODULES = YES;
				CLANG_ENABLE_OBJC_ARC = YES;
				CLANG_ENABLE_OBJC_WEAK = YES;
				CLANG_WARN_BLOCK_CAPTURE_AUTORELEASING = YES;
				CLANG_WARN_BOOL_CONVERSION = YES;
				CLANG_WARN_COMMA = YES;
				CLANG_WARN_CONSTANT_CONVERSION = YES;
				CLANG_WARN_DEPRECATED_OBJC_IMPLEMENTATIONS = YES;
				CLANG_WARN_DIRECT_OBJC_ISA_USAGE = YES_ERROR;
				CLANG_WARN_DOCUMENTATION_COMMENTS = YES;
				CLANG_WARN_EMPTY_BODY = YES;
				CLANG_WARN_ENUM_CONVERSION = YES;
				CLANG_WARN_INFINITE_RECURSION = YES;
				CLANG_WARN_INT_CONVERSION = YES;
				CLANG_WARN_NON_LITERAL_NULL_CONVERSION = YES;
				CLANG_WARN_OBJC_IMPLICIT_RETAIN_SELF = YES;
				CLANG_WARN_OBJC_LITERAL_CONVERSION = YES;
				CLANG_WARN_OBJC_ROOT_CLASS = YES_ERROR;
				CLANG_WARN_RANGE_LOOP_ANALYSIS = YES;
				CLANG_WARN_STRICT_PROTOTYPES = YES;
				CLANG_WARN_SUSPICIOUS_MOVE = YES;
				CLANG_WARN_UNGUARDED_AVAILABILITY = YES_AGGRESSIVE;
				CLANG_WARN_UNREACHABLE_CODE = YES;
				CLANG_WARN__DUPLICATE_METHOD_MATCH = YES;
				COPY_PHASE_STRIP = NO;
				DEBUG_INFORMATION_FORMAT = dwarf;
				ENABLE_STRICT_OBJC_MSGSEND = YES;
				ENABLE_TESTABILITY = YES;
				GCC_C_LANGUAGE_STANDARD = gnu11;
				GCC_DYNAMIC_NO_PIC = NO;
				GCC_NO_COMMON_BLOCKS = YES;
				GCC_OPTIMIZATION_LEVEL = 0;
				GCC_PREPROCESSOR_DEFINITIONS = (
					"DEBUG=1",
					"$(inherited)",
				);
				GCC_WARN_64_TO_32_BIT_CONVERSION = YES;
				GCC_WARN_ABOUT_RETURN_TYPE = YES_ERROR;
				GCC_WARN_UNDECLARED_SELECTOR = YES;
				GCC_WARN_UNINITIALIZED_AUTOS = YES_AGGRESSIVE;
				GCC_WARN_UNUSED_FUNCTION = YES;
				GCC_WARN_UNUSED_VARIABLE = YES;
				IPHONEOS_DEPLOYMENT_TARGET = 13.5;
				MTL_ENABLE_DEBUG_INFO = INCLUDE_SOURCE;
				MTL_FAST_MATH = YES;
				ONLY_ACTIVE_ARCH = YES;
				SDKROOT = iphoneos;
				SWIFT_ACTIVE_COMPILATION_CONDITIONS = DEBUG;
				SWIFT_OPTIMIZATION_LEVEL = "-Onone";
			};
			name = Debug;
		};
		02E3A9912478951300A9C18C /* Release */ = {
			isa = XCBuildConfiguration;
			buildSettings = {
				ALWAYS_SEARCH_USER_PATHS = NO;
				CLANG_ANALYZER_NONNULL = YES;
				CLANG_ANALYZER_NUMBER_OBJECT_CONVERSION = YES_AGGRESSIVE;
				CLANG_CXX_LANGUAGE_STANDARD = "gnu++14";
				CLANG_CXX_LIBRARY = "libc++";
				CLANG_ENABLE_MODULES = YES;
				CLANG_ENABLE_OBJC_ARC = YES;
				CLANG_ENABLE_OBJC_WEAK = YES;
				CLANG_WARN_BLOCK_CAPTURE_AUTORELEASING = YES;
				CLANG_WARN_BOOL_CONVERSION = YES;
				CLANG_WARN_COMMA = YES;
				CLANG_WARN_CONSTANT_CONVERSION = YES;
				CLANG_WARN_DEPRECATED_OBJC_IMPLEMENTATIONS = YES;
				CLANG_WARN_DIRECT_OBJC_ISA_USAGE = YES_ERROR;
				CLANG_WARN_DOCUMENTATION_COMMENTS = YES;
				CLANG_WARN_EMPTY_BODY = YES;
				CLANG_WARN_ENUM_CONVERSION = YES;
				CLANG_WARN_INFINITE_RECURSION = YES;
				CLANG_WARN_INT_CONVERSION = YES;
				CLANG_WARN_NON_LITERAL_NULL_CONVERSION = YES;
				CLANG_WARN_OBJC_IMPLICIT_RETAIN_SELF = YES;
				CLANG_WARN_OBJC_LITERAL_CONVERSION = YES;
				CLANG_WARN_OBJC_ROOT_CLASS = YES_ERROR;
				CLANG_WARN_RANGE_LOOP_ANALYSIS = YES;
				CLANG_WARN_STRICT_PROTOTYPES = YES;
				CLANG_WARN_SUSPICIOUS_MOVE = YES;
				CLANG_WARN_UNGUARDED_AVAILABILITY = YES_AGGRESSIVE;
				CLANG_WARN_UNREACHABLE_CODE = YES;
				CLANG_WARN__DUPLICATE_METHOD_MATCH = YES;
				COPY_PHASE_STRIP = NO;
				DEBUG_INFORMATION_FORMAT = "dwarf-with-dsym";
				ENABLE_NS_ASSERTIONS = NO;
				ENABLE_STRICT_OBJC_MSGSEND = YES;
				GCC_C_LANGUAGE_STANDARD = gnu11;
				GCC_NO_COMMON_BLOCKS = YES;
				GCC_WARN_64_TO_32_BIT_CONVERSION = YES;
				GCC_WARN_ABOUT_RETURN_TYPE = YES_ERROR;
				GCC_WARN_UNDECLARED_SELECTOR = YES;
				GCC_WARN_UNINITIALIZED_AUTOS = YES_AGGRESSIVE;
				GCC_WARN_UNUSED_FUNCTION = YES;
				GCC_WARN_UNUSED_VARIABLE = YES;
				IPHONEOS_DEPLOYMENT_TARGET = 13.5;
				MTL_ENABLE_DEBUG_INFO = NO;
				MTL_FAST_MATH = YES;
				SDKROOT = iphoneos;
				SWIFT_COMPILATION_MODE = wholemodule;
				SWIFT_OPTIMIZATION_LEVEL = "-O";
				VALIDATE_PRODUCT = YES;
			};
			name = Release;
		};
		02E3A9932478951300A9C18C /* Debug */ = {
			isa = XCBuildConfiguration;
			baseConfigurationReference = 50586FA4B1C908AE7635A069 /* Pods-iChat.debug.xcconfig */;
			buildSettings = {
				ASSETCATALOG_COMPILER_APPICON_NAME = AppIcon;
				CODE_SIGN_STYLE = Automatic;
				DEVELOPMENT_TEAM = 77BWS8985H;
				INFOPLIST_FILE = iChat/Info.plist;
				IPHONEOS_DEPLOYMENT_TARGET = 11.0;
				LD_RUNPATH_SEARCH_PATHS = (
					"$(inherited)",
					"@executable_path/Frameworks",
				);
				PRODUCT_BUNDLE_IDENTIFIER = com.likhitgarimella.iChat;
				PRODUCT_NAME = "$(TARGET_NAME)";
				SWIFT_VERSION = 5.0;
				TARGETED_DEVICE_FAMILY = 1;
			};
			name = Debug;
		};
		02E3A9942478951300A9C18C /* Release */ = {
			isa = XCBuildConfiguration;
			baseConfigurationReference = 151410A1B934E64DF2D5DD17 /* Pods-iChat.release.xcconfig */;
			buildSettings = {
				ASSETCATALOG_COMPILER_APPICON_NAME = AppIcon;
				CODE_SIGN_STYLE = Automatic;
				DEVELOPMENT_TEAM = 77BWS8985H;
				INFOPLIST_FILE = iChat/Info.plist;
				IPHONEOS_DEPLOYMENT_TARGET = 11.0;
				LD_RUNPATH_SEARCH_PATHS = (
					"$(inherited)",
					"@executable_path/Frameworks",
				);
				PRODUCT_BUNDLE_IDENTIFIER = com.likhitgarimella.iChat;
				PRODUCT_NAME = "$(TARGET_NAME)";
				SWIFT_VERSION = 5.0;
				TARGETED_DEVICE_FAMILY = 1;
			};
			name = Release;
		};
/* End XCBuildConfiguration section */

/* Begin XCConfigurationList section */
		02E3A9792478950B00A9C18C /* Build configuration list for PBXProject "iChat" */ = {
			isa = XCConfigurationList;
			buildConfigurations = (
				02E3A9902478951300A9C18C /* Debug */,
				02E3A9912478951300A9C18C /* Release */,
			);
			defaultConfigurationIsVisible = 0;
			defaultConfigurationName = Release;
		};
		02E3A9922478951300A9C18C /* Build configuration list for PBXNativeTarget "iChat" */ = {
			isa = XCConfigurationList;
			buildConfigurations = (
				02E3A9932478951300A9C18C /* Debug */,
				02E3A9942478951300A9C18C /* Release */,
			);
			defaultConfigurationIsVisible = 0;
			defaultConfigurationName = Release;
		};
/* End XCConfigurationList section */
	};
	rootObject = 02E3A9762478950B00A9C18C /* Project object */;
}
